
Microsoft Visual Studio Solution File, Format Version 12.00
# Visual Studio 15
VisualStudioVersion = 15.0.27130.2027
MinimumVisualStudioVersion = 10.0.40219.1
Project("{FAE04EC0-301F-11D3-BF4B-00C04F79EFBC}") = "JsonProcessing.App", "JsonProcessing.App\JsonProcessing.App.csproj", "{22B80DE8-57E3-4A93-A749-1FD2DAA1DE31}"
EndProject
Project("{FAE04EC0-301F-11D3-BF4B-00C04F79EFBC}") = "JsonProcessing.Models", "JsonProcessing.Models\JsonProcessing.Models.csproj", "{8831C86F-D80F-4DE5-820A-45BCDEA6D56C}"
EndProject
Project("{FAE04EC0-301F-11D3-BF4B-00C04F79EFBC}") = "JsonProcessing.Data", "JsonProcessing.Data\JsonProcessing.Data.csproj", "{C6BD2783-4D0E-4094-A7C3-EEF06054D8C8}"
EndProject
Project("{FAE04EC0-301F-11D3-BF4B-00C04F79EFBC}") = "DataProcessor", "DataProcessor\DataProcessor.csproj", "{ACA95209-9320-4675-BAAF-6AA76FBAA93B}"
EndProject
Global
	GlobalSection(SolutionConfigurationPlatforms) = preSolution
		Debug|Any CPU = Debug|Any CPU
		Release|Any CPU = Release|Any CPU
	EndGlobalSection
	GlobalSection(ProjectConfigurationPlatforms) = postSolution
		{22B80DE8-57E3-4A93-A749-1FD2DAA1DE31}.Debug|Any CPU.ActiveCfg = Debug|Any CPU
		{22B80DE8-57E3-4A93-A749-1FD2DAA1DE31}.Debug|Any CPU.Build.0 = Debug|Any CPU
		{22B80DE8-57E3-4A93-A749-1FD2DAA1DE31}.Release|Any CPU.ActiveCfg = Release|Any CPU
		{22B80DE8-57E3-4A93-A749-1FD2DAA1DE31}.Release|Any CPU.Build.0 = Release|Any CPU
		{8831C86F-D80F-4DE5-820A-45BCDEA6D56C}.Debug|Any CPU.ActiveCfg = Debug|Any CPU
		{8831C86F-D80F-4DE5-820A-45BCDEA6D56C}.Debug|Any CPU.Build.0 = Debug|Any CPU
		{8831C86F-D80F-4DE5-820A-45BCDEA6D56C}.Release|Any CPU.ActiveCfg = Release|Any CPU
		{8831C86F-D80F-4DE5-820A-45BCDEA6D56C}.Release|Any CPU.Build.0 = Release|Any CPU
		{C6BD2783-4D0E-4094-A7C3-EEF06054D8C8}.Debug|Any CPU.ActiveCfg = Debug|Any CPU
		{C6BD2783-4D0E-4094-A7C3-EEF06054D8C8}.Debug|Any CPU.Build.0 = Debug|Any CPU
		{C6BD2783-4D0E-4094-A7C3-EEF06054D8C8}.Release|Any CPU.ActiveCfg = Release|Any CPU
		{C6BD2783-4D0E-4094-A7C3-EEF06054D8C8}.Release|Any CPU.Build.0 = Release|Any CPU
		{ACA95209-9320-4675-BAAF-6AA76FBAA93B}.Debug|Any CPU.ActiveCfg = Debug|Any CPU
		{ACA95209-9320-4675-BAAF-6AA76FBAA93B}.Debug|Any CPU.Build.0 = Debug|Any CPU
		{ACA95209-9320-4675-BAAF-6AA76FBAA93B}.Release|Any CPU.ActiveCfg = Release|Any CPU
		{ACA95209-9320-4675-BAAF-6AA76FBAA93B}.Release|Any CPU.Build.0 = Release|Any CPU
	EndGlobalSection
	GlobalSection(SolutionProperties) = preSolution
		HideSolutionNode = FALSE
	EndGlobalSection
	GlobalSection(ExtensibilityGlobals) = postSolution
		SolutionGuid = {F9DB0345-694C-44A8-B9DB-C92110D632CD}
	EndGlobalSection
EndGlobal
