
Microsoft Visual Studio Solution File, Format Version 12.00
# Visual Studio 15
VisualStudioVersion = 15.0.27130.2027
MinimumVisualStudioVersion = 10.0.40219.1
Project("{9A19103F-16F7-4668-BE54-9A1E7A4F7556}") = "P01_HospitalDatabase", "P01_HospitalDatabase.csproj", "{E15B3893-7315-43D7-9408-3F7A281F19EB}"
EndProject
Project("{FAE04EC0-301F-11D3-BF4B-00C04F79EFBC}") = "Client", "..\ConsoleApp1\Client.csproj", "{EA409F9A-49E7-46A4-BB15-A75D856D86A5}"
EndProject
Global
	GlobalSection(SolutionConfigurationPlatforms) = preSolution
		Debug|Any CPU = Debug|Any CPU
		Release|Any CPU = Release|Any CPU
	EndGlobalSection
	GlobalSection(ProjectConfigurationPlatforms) = postSolution
		{E15B3893-7315-43D7-9408-3F7A281F19EB}.Debug|Any CPU.ActiveCfg = Debug|Any CPU
		{E15B3893-7315-43D7-9408-3F7A281F19EB}.Debug|Any CPU.Build.0 = Debug|Any CPU
		{E15B3893-7315-43D7-9408-3F7A281F19EB}.Release|Any CPU.ActiveCfg = Release|Any CPU
		{E15B3893-7315-43D7-9408-3F7A281F19EB}.Release|Any CPU.Build.0 = Release|Any CPU
		{EA409F9A-49E7-46A4-BB15-A75D856D86A5}.Debug|Any CPU.ActiveCfg = Debug|Any CPU
		{EA409F9A-49E7-46A4-BB15-A75D856D86A5}.Debug|Any CPU.Build.0 = Debug|Any CPU
		{EA409F9A-49E7-46A4-BB15-A75D856D86A5}.Release|Any CPU.ActiveCfg = Release|Any CPU
		{EA409F9A-49E7-46A4-BB15-A75D856D86A5}.Release|Any CPU.Build.0 = Release|Any CPU
	EndGlobalSection
	GlobalSection(SolutionProperties) = preSolution
		HideSolutionNode = FALSE
	EndGlobalSection
	GlobalSection(ExtensibilityGlobals) = postSolution
		SolutionGuid = {3BA9D033-FD5C-4DB0-9C2F-6AB9519ED271}
	EndGlobalSection
EndGlobal
