
Microsoft Visual Studio Solution File, Format Version 12.00
# Visual Studio 15
VisualStudioVersion = 15.0.27130.2027
MinimumVisualStudioVersion = 10.0.40219.1
Project("{FAE04EC0-301F-11D3-BF4B-00C04F79EFBC}") = "Office.App", "Office.App\Office.App.csproj", "{B19A5423-D31A-44B9-8C53-E64FC2269EBA}"
EndProject
Project("{FAE04EC0-301F-11D3-BF4B-00C04F79EFBC}") = "Office.Models", "Office.Models\Office.Models.csproj", "{4DF3A03F-478A-4D26-AFFA-4E8786A704B2}"
EndProject
Project("{FAE04EC0-301F-11D3-BF4B-00C04F79EFBC}") = "Office.Data", "Office.Data\Office.Data.csproj", "{DF6C2A25-FEF2-41FD-96CC-6BBC70BBE3CE}"
EndProject
Project("{FAE04EC0-301F-11D3-BF4B-00C04F79EFBC}") = "Office.Services", "Office.Services\Office.Services.csproj", "{4EFC44F2-71BA-4B18-8D65-7B8516394EBA}"
EndProject
Global
	GlobalSection(SolutionConfigurationPlatforms) = preSolution
		Debug|Any CPU = Debug|Any CPU
		Release|Any CPU = Release|Any CPU
	EndGlobalSection
	GlobalSection(ProjectConfigurationPlatforms) = postSolution
		{B19A5423-D31A-44B9-8C53-E64FC2269EBA}.Debug|Any CPU.ActiveCfg = Debug|Any CPU
		{B19A5423-D31A-44B9-8C53-E64FC2269EBA}.Debug|Any CPU.Build.0 = Debug|Any CPU
		{B19A5423-D31A-44B9-8C53-E64FC2269EBA}.Release|Any CPU.ActiveCfg = Release|Any CPU
		{B19A5423-D31A-44B9-8C53-E64FC2269EBA}.Release|Any CPU.Build.0 = Release|Any CPU
		{4DF3A03F-478A-4D26-AFFA-4E8786A704B2}.Debug|Any CPU.ActiveCfg = Debug|Any CPU
		{4DF3A03F-478A-4D26-AFFA-4E8786A704B2}.Debug|Any CPU.Build.0 = Debug|Any CPU
		{4DF3A03F-478A-4D26-AFFA-4E8786A704B2}.Release|Any CPU.ActiveCfg = Release|Any CPU
		{4DF3A03F-478A-4D26-AFFA-4E8786A704B2}.Release|Any CPU.Build.0 = Release|Any CPU
		{DF6C2A25-FEF2-41FD-96CC-6BBC70BBE3CE}.Debug|Any CPU.ActiveCfg = Debug|Any CPU
		{DF6C2A25-FEF2-41FD-96CC-6BBC70BBE3CE}.Debug|Any CPU.Build.0 = Debug|Any CPU
		{DF6C2A25-FEF2-41FD-96CC-6BBC70BBE3CE}.Release|Any CPU.ActiveCfg = Release|Any CPU
		{DF6C2A25-FEF2-41FD-96CC-6BBC70BBE3CE}.Release|Any CPU.Build.0 = Release|Any CPU
		{4EFC44F2-71BA-4B18-8D65-7B8516394EBA}.Debug|Any CPU.ActiveCfg = Debug|Any CPU
		{4EFC44F2-71BA-4B18-8D65-7B8516394EBA}.Debug|Any CPU.Build.0 = Debug|Any CPU
		{4EFC44F2-71BA-4B18-8D65-7B8516394EBA}.Release|Any CPU.ActiveCfg = Release|Any CPU
		{4EFC44F2-71BA-4B18-8D65-7B8516394EBA}.Release|Any CPU.Build.0 = Release|Any CPU
	EndGlobalSection
	GlobalSection(SolutionProperties) = preSolution
		HideSolutionNode = FALSE
	EndGlobalSection
	GlobalSection(ExtensibilityGlobals) = postSolution
		SolutionGuid = {E4F839BC-D311-42CE-8EB4-8E2AE3111DCF}
	EndGlobalSection
EndGlobal
